
Microsoft Visual Studio Solution File, Format Version 12.00
# Visual Studio Version 16
VisualStudioVersion = 16.0.29326.143
MinimumVisualStudioVersion = 10.0.40219.1
Project("{FAE04EC0-301F-11D3-BF4B-00C04F79EFBC}") = "Part1", "Part1\Part1.csproj", "{64B7C2BF-D8FE-4B44-9B12-A3396EEF855E}"
EndProject
Project("{FAE04EC0-301F-11D3-BF4B-00C04F79EFBC}") = "Part2", "Part2\Part2.csproj", "{0527FE4F-40BA-4A35-99D4-67EFAB072AD9}"
EndProject
Project("{FAE04EC0-301F-11D3-BF4B-00C04F79EFBC}") = "Part3", "Part3\Part3.csproj", "{F4B04E08-90BD-4B26-A4E1-84D726210D9F}"
EndProject
Project("{FAE04EC0-301F-11D3-BF4B-00C04F79EFBC}") = "Part4", "Part4\Part4.csproj", "{CDBE8C3C-5067-4E7E-86A9-EA4D71B1F2BC}"
EndProject
Project("{FAE04EC0-301F-11D3-BF4B-00C04F79EFBC}") = "Part5", "Part5\Part5.csproj", "{996AE7B2-9C71-4C07-A628-FEE9A5E6FADE}"
EndProject
Project("{FAE04EC0-301F-11D3-BF4B-00C04F79EFBC}") = "Part6", "Part6\Part6.csproj", "{F490182B-5140-4646-9A0C-1AF3F12CC907}"
EndProject
Project("{FAE04EC0-301F-11D3-BF4B-00C04F79EFBC}") = "Part7", "Part7\Part7.csproj", "{7EAA7E4D-3031-4F29-BE9C-AE9CFA269FC1}"
EndProject
Project("{FAE04EC0-301F-11D3-BF4B-00C04F79EFBC}") = "Part8", "Part8\Part8.csproj", "{4F4E352F-DDE1-4D01-8D34-0DD4932A2372}"
EndProject
Project("{FAE04EC0-301F-11D3-BF4B-00C04F79EFBC}") = "Part9", "Part9\Part9.csproj", "{6D610D0F-B31C-4A9C-8BB4-D8754DCA85FF}"
EndProject
Project("{FAE04EC0-301F-11D3-BF4B-00C04F79EFBC}") = "Part10", "Part10\Part10.csproj", "{2A8DA6E6-C3E9-4323-B42E-A785A768FE93}"
EndProject
Project("{FAE04EC0-301F-11D3-BF4B-00C04F79EFBC}") = "Part11", "Part11\Part11.csproj", "{20559DAF-5D8D-499B-B5C6-785BE3C3D27B}"
EndProject
Project("{FAE04EC0-301F-11D3-BF4B-00C04F79EFBC}") = "Part12", "Part12\Part12.csproj", "{2E95341D-4FA9-45E0-9610-B54683A77B01}"
EndProject
Project("{FAE04EC0-301F-11D3-BF4B-00C04F79EFBC}") = "Part13", "Part13\Part13.csproj", "{BAF135CE-9101-48B9-8A9E-29039B27E8BD}"
EndProject
Project("{FAE04EC0-301F-11D3-BF4B-00C04F79EFBC}") = "Part14", "Part14\Part14.csproj", "{DA3F57C7-4248-4466-8FEC-256594D72E17}"
EndProject
Global
	GlobalSection(SolutionConfigurationPlatforms) = preSolution
		Debug|Any CPU = Debug|Any CPU
		Release|Any CPU = Release|Any CPU
	EndGlobalSection
	GlobalSection(ProjectConfigurationPlatforms) = postSolution
		{64B7C2BF-D8FE-4B44-9B12-A3396EEF855E}.Debug|Any CPU.ActiveCfg = Debug|Any CPU
		{64B7C2BF-D8FE-4B44-9B12-A3396EEF855E}.Debug|Any CPU.Build.0 = Debug|Any CPU
		{64B7C2BF-D8FE-4B44-9B12-A3396EEF855E}.Release|Any CPU.ActiveCfg = Release|Any CPU
		{64B7C2BF-D8FE-4B44-9B12-A3396EEF855E}.Release|Any CPU.Build.0 = Release|Any CPU
		{0527FE4F-40BA-4A35-99D4-67EFAB072AD9}.Debug|Any CPU.ActiveCfg = Debug|Any CPU
		{0527FE4F-40BA-4A35-99D4-67EFAB072AD9}.Debug|Any CPU.Build.0 = Debug|Any CPU
		{0527FE4F-40BA-4A35-99D4-67EFAB072AD9}.Release|Any CPU.ActiveCfg = Release|Any CPU
		{0527FE4F-40BA-4A35-99D4-67EFAB072AD9}.Release|Any CPU.Build.0 = Release|Any CPU
		{F4B04E08-90BD-4B26-A4E1-84D726210D9F}.Debug|Any CPU.ActiveCfg = Debug|Any CPU
		{F4B04E08-90BD-4B26-A4E1-84D726210D9F}.Debug|Any CPU.Build.0 = Debug|Any CPU
		{F4B04E08-90BD-4B26-A4E1-84D726210D9F}.Release|Any CPU.ActiveCfg = Release|Any CPU
		{F4B04E08-90BD-4B26-A4E1-84D726210D9F}.Release|Any CPU.Build.0 = Release|Any CPU
		{CDBE8C3C-5067-4E7E-86A9-EA4D71B1F2BC}.Debug|Any CPU.ActiveCfg = Debug|Any CPU
		{CDBE8C3C-5067-4E7E-86A9-EA4D71B1F2BC}.Debug|Any CPU.Build.0 = Debug|Any CPU
		{CDBE8C3C-5067-4E7E-86A9-EA4D71B1F2BC}.Release|Any CPU.ActiveCfg = Release|Any CPU
		{CDBE8C3C-5067-4E7E-86A9-EA4D71B1F2BC}.Release|Any CPU.Build.0 = Release|Any CPU
		{996AE7B2-9C71-4C07-A628-FEE9A5E6FADE}.Debug|Any CPU.ActiveCfg = Debug|Any CPU
		{996AE7B2-9C71-4C07-A628-FEE9A5E6FADE}.Debug|Any CPU.Build.0 = Debug|Any CPU
		{996AE7B2-9C71-4C07-A628-FEE9A5E6FADE}.Release|Any CPU.ActiveCfg = Release|Any CPU
		{996AE7B2-9C71-4C07-A628-FEE9A5E6FADE}.Release|Any CPU.Build.0 = Release|Any CPU
		{F490182B-5140-4646-9A0C-1AF3F12CC907}.Debug|Any CPU.ActiveCfg = Debug|Any CPU
		{F490182B-5140-4646-9A0C-1AF3F12CC907}.Debug|Any CPU.Build.0 = Debug|Any CPU
		{F490182B-5140-4646-9A0C-1AF3F12CC907}.Release|Any CPU.ActiveCfg = Release|Any CPU
		{F490182B-5140-4646-9A0C-1AF3F12CC907}.Release|Any CPU.Build.0 = Release|Any CPU
		{7EAA7E4D-3031-4F29-BE9C-AE9CFA269FC1}.Debug|Any CPU.ActiveCfg = Debug|Any CPU
		{7EAA7E4D-3031-4F29-BE9C-AE9CFA269FC1}.Debug|Any CPU.Build.0 = Debug|Any CPU
		{7EAA7E4D-3031-4F29-BE9C-AE9CFA269FC1}.Release|Any CPU.ActiveCfg = Release|Any CPU
		{7EAA7E4D-3031-4F29-BE9C-AE9CFA269FC1}.Release|Any CPU.Build.0 = Release|Any CPU
		{4F4E352F-DDE1-4D01-8D34-0DD4932A2372}.Debug|Any CPU.ActiveCfg = Debug|Any CPU
		{4F4E352F-DDE1-4D01-8D34-0DD4932A2372}.Debug|Any CPU.Build.0 = Debug|Any CPU
		{4F4E352F-DDE1-4D01-8D34-0DD4932A2372}.Release|Any CPU.ActiveCfg = Release|Any CPU
		{4F4E352F-DDE1-4D01-8D34-0DD4932A2372}.Release|Any CPU.Build.0 = Release|Any CPU
		{6D610D0F-B31C-4A9C-8BB4-D8754DCA85FF}.Debug|Any CPU.ActiveCfg = Debug|Any CPU
		{6D610D0F-B31C-4A9C-8BB4-D8754DCA85FF}.Debug|Any CPU.Build.0 = Debug|Any CPU
		{6D610D0F-B31C-4A9C-8BB4-D8754DCA85FF}.Release|Any CPU.ActiveCfg = Release|Any CPU
		{6D610D0F-B31C-4A9C-8BB4-D8754DCA85FF}.Release|Any CPU.Build.0 = Release|Any CPU
		{2A8DA6E6-C3E9-4323-B42E-A785A768FE93}.Debug|Any CPU.ActiveCfg = Debug|Any CPU
		{2A8DA6E6-C3E9-4323-B42E-A785A768FE93}.Debug|Any CPU.Build.0 = Debug|Any CPU
		{2A8DA6E6-C3E9-4323-B42E-A785A768FE93}.Release|Any CPU.ActiveCfg = Release|Any CPU
		{2A8DA6E6-C3E9-4323-B42E-A785A768FE93}.Release|Any CPU.Build.0 = Release|Any CPU
		{20559DAF-5D8D-499B-B5C6-785BE3C3D27B}.Debug|Any CPU.ActiveCfg = Debug|Any CPU
		{20559DAF-5D8D-499B-B5C6-785BE3C3D27B}.Debug|Any CPU.Build.0 = Debug|Any CPU
		{20559DAF-5D8D-499B-B5C6-785BE3C3D27B}.Release|Any CPU.ActiveCfg = Release|Any CPU
		{20559DAF-5D8D-499B-B5C6-785BE3C3D27B}.Release|Any CPU.Build.0 = Release|Any CPU
		{2E95341D-4FA9-45E0-9610-B54683A77B01}.Debug|Any CPU.ActiveCfg = Debug|Any CPU
		{2E95341D-4FA9-45E0-9610-B54683A77B01}.Debug|Any CPU.Build.0 = Debug|Any CPU
		{2E95341D-4FA9-45E0-9610-B54683A77B01}.Release|Any CPU.ActiveCfg = Release|Any CPU
		{2E95341D-4FA9-45E0-9610-B54683A77B01}.Release|Any CPU.Build.0 = Release|Any CPU
		{BAF135CE-9101-48B9-8A9E-29039B27E8BD}.Debug|Any CPU.ActiveCfg = Debug|Any CPU
		{BAF135CE-9101-48B9-8A9E-29039B27E8BD}.Debug|Any CPU.Build.0 = Debug|Any CPU
		{BAF135CE-9101-48B9-8A9E-29039B27E8BD}.Release|Any CPU.ActiveCfg = Release|Any CPU
		{BAF135CE-9101-48B9-8A9E-29039B27E8BD}.Release|Any CPU.Build.0 = Release|Any CPU
		{DA3F57C7-4248-4466-8FEC-256594D72E17}.Debug|Any CPU.ActiveCfg = Debug|Any CPU
		{DA3F57C7-4248-4466-8FEC-256594D72E17}.Debug|Any CPU.Build.0 = Debug|Any CPU
		{DA3F57C7-4248-4466-8FEC-256594D72E17}.Release|Any CPU.ActiveCfg = Release|Any CPU
		{DA3F57C7-4248-4466-8FEC-256594D72E17}.Release|Any CPU.Build.0 = Release|Any CPU
	EndGlobalSection
	GlobalSection(SolutionProperties) = preSolution
		HideSolutionNode = FALSE
	EndGlobalSection
	GlobalSection(ExtensibilityGlobals) = postSolution
		SolutionGuid = {28F55173-E0F8-4EED-8A4C-25769115CD38}
	EndGlobalSection
EndGlobal
